
Microsoft Visual Studio Solution File, Format Version 12.00
# Visual Studio 15
VisualStudioVersion = 15.0.28307.136
MinimumVisualStudioVersion = 10.0.40219.1
Project("{FAE04EC0-301F-11D3-BF4B-00C04F79EFBC}") = "WebhookTest", "WebhookTest\WebhookTest.csproj", "{D9A573B8-BB98-4554-BE28-2DA9A98A594E}"
EndProject
Global
	GlobalSection(SolutionConfigurationPlatforms) = preSolution
		Debug|Any CPU = Debug|Any CPU
		Release|Any CPU = Release|Any CPU
	EndGlobalSection
	GlobalSection(ProjectConfigurationPlatforms) = postSolution
		{D9A573B8-BB98-4554-BE28-2DA9A98A594E}.Debug|Any CPU.ActiveCfg = Debug|Any CPU
		{D9A573B8-BB98-4554-BE28-2DA9A98A594E}.Debug|Any CPU.Build.0 = Debug|Any CPU
		{D9A573B8-BB98-4554-BE28-2DA9A98A594E}.Release|Any CPU.ActiveCfg = Release|Any CPU
		{D9A573B8-BB98-4554-BE28-2DA9A98A594E}.Release|Any CPU.Build.0 = Release|Any CPU
	EndGlobalSection
	GlobalSection(SolutionProperties) = preSolution
		HideSolutionNode = FALSE
	EndGlobalSection
	GlobalSection(ExtensibilityGlobals) = postSolution
		SolutionGuid = {23337079-155E-4517-A868-E634EE4E3CF2}
	EndGlobalSection
EndGlobal
